
Microsoft Visual Studio Solution File, Format Version 12.00
# Visual Studio Version 17
VisualStudioVersion = 17.0.31903.59
MinimumVisualStudioVersion = 10.0.40219.1
Project("{FAE04EC0-301F-11D3-BF4B-00C04F79EFBC}") = "TalentoPlus.Domain", "TalentoPlus.Domain\TalentoPlus.Domain.csproj", "{E1563F8D-A3AA-4EAD-8451-157890B5363D}"
EndProject
Project("{FAE04EC0-301F-11D3-BF4B-00C04F79EFBC}") = "TalentoPlus.Application", "TalentoPlus.Application\TalentoPlus.Application.csproj", "{C2D2BFA0-4FE4-48EF-9ECB-0E0AA6F65C42}"
EndProject
Project("{FAE04EC0-301F-11D3-BF4B-00C04F79EFBC}") = "TalentoPlus.Infrastructure", "TalentoPlus.Infrastructure\TalentoPlus.Infrastructure.csproj", "{E9A41D41-71BB-4BB6-B730-36F51B2C1E96}"
EndProject
Project("{FAE04EC0-301F-11D3-BF4B-00C04F79EFBC}") = "TalentoPlus.API", "TalentoPlus.API\TalentoPlus.API.csproj", "{29A5CC8C-8D4F-4692-9E26-23310FDA2020}"
EndProject
Project("{FAE04EC0-301F-11D3-BF4B-00C04F79EFBC}") = "TalentoPlus.Web", "TalentoPlus.Web\TalentoPlus.Web.csproj", "{55FB7BB4-1D71-4AB0-9A0D-E2759FFDA035}"
EndProject
Global
	GlobalSection(SolutionConfigurationPlatforms) = preSolution
		Debug|Any CPU = Debug|Any CPU
		Debug|x64 = Debug|x64
		Debug|x86 = Debug|x86
		Release|Any CPU = Release|Any CPU
		Release|x64 = Release|x64
		Release|x86 = Release|x86
	EndGlobalSection
	GlobalSection(ProjectConfigurationPlatforms) = postSolution
		{E1563F8D-A3AA-4EAD-8451-157890B5363D}.Debug|Any CPU.ActiveCfg = Debug|Any CPU
		{E1563F8D-A3AA-4EAD-8451-157890B5363D}.Debug|Any CPU.Build.0 = Debug|Any CPU
		{E1563F8D-A3AA-4EAD-8451-157890B5363D}.Debug|x64.ActiveCfg = Debug|Any CPU
		{E1563F8D-A3AA-4EAD-8451-157890B5363D}.Debug|x64.Build.0 = Debug|Any CPU
		{E1563F8D-A3AA-4EAD-8451-157890B5363D}.Debug|x86.ActiveCfg = Debug|Any CPU
		{E1563F8D-A3AA-4EAD-8451-157890B5363D}.Debug|x86.Build.0 = Debug|Any CPU
		{E1563F8D-A3AA-4EAD-8451-157890B5363D}.Release|Any CPU.ActiveCfg = Release|Any CPU
		{E1563F8D-A3AA-4EAD-8451-157890B5363D}.Release|Any CPU.Build.0 = Release|Any CPU
		{E1563F8D-A3AA-4EAD-8451-157890B5363D}.Release|x64.ActiveCfg = Release|Any CPU
		{E1563F8D-A3AA-4EAD-8451-157890B5363D}.Release|x64.Build.0 = Release|Any CPU
		{E1563F8D-A3AA-4EAD-8451-157890B5363D}.Release|x86.ActiveCfg = Release|Any CPU
		{E1563F8D-A3AA-4EAD-8451-157890B5363D}.Release|x86.Build.0 = Release|Any CPU
		{C2D2BFA0-4FE4-48EF-9ECB-0E0AA6F65C42}.Debug|Any CPU.ActiveCfg = Debug|Any CPU
		{C2D2BFA0-4FE4-48EF-9ECB-0E0AA6F65C42}.Debug|Any CPU.Build.0 = Debug|Any CPU
		{C2D2BFA0-4FE4-48EF-9ECB-0E0AA6F65C42}.Debug|x64.ActiveCfg = Debug|Any CPU
		{C2D2BFA0-4FE4-48EF-9ECB-0E0AA6F65C42}.Debug|x64.Build.0 = Debug|Any CPU
		{C2D2BFA0-4FE4-48EF-9ECB-0E0AA6F65C42}.Debug|x86.ActiveCfg = Debug|Any CPU
		{C2D2BFA0-4FE4-48EF-9ECB-0E0AA6F65C42}.Debug|x86.Build.0 = Debug|Any CPU
		{C2D2BFA0-4FE4-48EF-9ECB-0E0AA6F65C42}.Release|Any CPU.ActiveCfg = Release|Any CPU
		{C2D2BFA0-4FE4-48EF-9ECB-0E0AA6F65C42}.Release|Any CPU.Build.0 = Release|Any CPU
		{C2D2BFA0-4FE4-48EF-9ECB-0E0AA6F65C42}.Release|x64.ActiveCfg = Release|Any CPU
		{C2D2BFA0-4FE4-48EF-9ECB-0E0AA6F65C42}.Release|x64.Build.0 = Release|Any CPU
		{C2D2BFA0-4FE4-48EF-9ECB-0E0AA6F65C42}.Release|x86.ActiveCfg = Release|Any CPU
		{C2D2BFA0-4FE4-48EF-9ECB-0E0AA6F65C42}.Release|x86.Build.0 = Release|Any CPU
		{E9A41D41-71BB-4BB6-B730-36F51B2C1E96}.Debug|Any CPU.ActiveCfg = Debug|Any CPU
		{E9A41D41-71BB-4BB6-B730-36F51B2C1E96}.Debug|Any CPU.Build.0 = Debug|Any CPU
		{E9A41D41-71BB-4BB6-B730-36F51B2C1E96}.Debug|x64.ActiveCfg = Debug|Any CPU
		{E9A41D41-71BB-4BB6-B730-36F51B2C1E96}.Debug|x64.Build.0 = Debug|Any CPU
		{E9A41D41-71BB-4BB6-B730-36F51B2C1E96}.Debug|x86.ActiveCfg = Debug|Any CPU
		{E9A41D41-71BB-4BB6-B730-36F51B2C1E96}.Debug|x86.Build.0 = Debug|Any CPU
		{E9A41D41-71BB-4BB6-B730-36F51B2C1E96}.Release|Any CPU.ActiveCfg = Release|Any CPU
		{E9A41D41-71BB-4BB6-B730-36F51B2C1E96}.Release|Any CPU.Build.0 = Release|Any CPU
		{E9A41D41-71BB-4BB6-B730-36F51B2C1E96}.Release|x64.ActiveCfg = Release|Any CPU
		{E9A41D41-71BB-4BB6-B730-36F51B2C1E96}.Release|x64.Build.0 = Release|Any CPU
		{E9A41D41-71BB-4BB6-B730-36F51B2C1E96}.Release|x86.ActiveCfg = Release|Any CPU
		{E9A41D41-71BB-4BB6-B730-36F51B2C1E96}.Release|x86.Build.0 = Release|Any CPU
		{29A5CC8C-8D4F-4692-9E26-23310FDA2020}.Debug|Any CPU.ActiveCfg = Debug|Any CPU
		{29A5CC8C-8D4F-4692-9E26-23310FDA2020}.Debug|Any CPU.Build.0 = Debug|Any CPU
		{29A5CC8C-8D4F-4692-9E26-23310FDA2020}.Debug|x64.ActiveCfg = Debug|Any CPU
		{29A5CC8C-8D4F-4692-9E26-23310FDA2020}.Debug|x64.Build.0 = Debug|Any CPU
		{29A5CC8C-8D4F-4692-9E26-23310FDA2020}.Debug|x86.ActiveCfg = Debug|Any CPU
		{29A5CC8C-8D4F-4692-9E26-23310FDA2020}.Debug|x86.Build.0 = Debug|Any CPU
		{29A5CC8C-8D4F-4692-9E26-23310FDA2020}.Release|Any CPU.ActiveCfg = Release|Any CPU
		{29A5CC8C-8D4F-4692-9E26-23310FDA2020}.Release|Any CPU.Build.0 = Release|Any CPU
		{29A5CC8C-8D4F-4692-9E26-23310FDA2020}.Release|x64.ActiveCfg = Release|Any CPU
		{29A5CC8C-8D4F-4692-9E26-23310FDA2020}.Release|x64.Build.0 = Release|Any CPU
		{29A5CC8C-8D4F-4692-9E26-23310FDA2020}.Release|x86.ActiveCfg = Release|Any CPU
		{29A5CC8C-8D4F-4692-9E26-23310FDA2020}.Release|x86.Build.0 = Release|Any CPU
		{55FB7BB4-1D71-4AB0-9A0D-E2759FFDA035}.Debug|Any CPU.ActiveCfg = Debug|Any CPU
		{55FB7BB4-1D71-4AB0-9A0D-E2759FFDA035}.Debug|Any CPU.Build.0 = Debug|Any CPU
		{55FB7BB4-1D71-4AB0-9A0D-E2759FFDA035}.Debug|x64.ActiveCfg = Debug|Any CPU
		{55FB7BB4-1D71-4AB0-9A0D-E2759FFDA035}.Debug|x64.Build.0 = Debug|Any CPU
		{55FB7BB4-1D71-4AB0-9A0D-E2759FFDA035}.Debug|x86.ActiveCfg = Debug|Any CPU
		{55FB7BB4-1D71-4AB0-9A0D-E2759FFDA035}.Debug|x86.Build.0 = Debug|Any CPU
		{55FB7BB4-1D71-4AB0-9A0D-E2759FFDA035}.Release|Any CPU.ActiveCfg = Release|Any CPU
		{55FB7BB4-1D71-4AB0-9A0D-E2759FFDA035}.Release|Any CPU.Build.0 = Release|Any CPU
		{55FB7BB4-1D71-4AB0-9A0D-E2759FFDA035}.Release|x64.ActiveCfg = Release|Any CPU
		{55FB7BB4-1D71-4AB0-9A0D-E2759FFDA035}.Release|x64.Build.0 = Release|Any CPU
		{55FB7BB4-1D71-4AB0-9A0D-E2759FFDA035}.Release|x86.ActiveCfg = Release|Any CPU
		{55FB7BB4-1D71-4AB0-9A0D-E2759FFDA035}.Release|x86.Build.0 = Release|Any CPU
	EndGlobalSection
	GlobalSection(SolutionProperties) = preSolution
		HideSolutionNode = FALSE
	EndGlobalSection
EndGlobal
